Microsoft Visual Studio Solution File, Format Version 11.00
# Visual Studio 2008

Project("{4C774CCA-C559-D84C-474C-35CE3E5AF633}") = "BFIOSample", "Assembly-CSharp-firstpass.csproj", "{4A5DA316-E375-0793-1ED6-3D2F4E5AEACA}"
EndProject
Project("{4C774CCA-C559-D84C-474C-35CE3E5AF633}") = "BFIOSample", "Assembly-CSharp.csproj", "{2AE530A6-849E-3E0B-637F-BA7DCE93A73C}"
EndProject
Global
	GlobalSection(SolutionConfigurationPlatforms) = preSolution
		Debug|Any CPU = Debug|Any CPU
		Release|Any CPU = Release|Any CPU
	EndGlobalSection
	GlobalSection(ProjectConfigurationPlatforms) = postSolution
		{4A5DA316-E375-0793-1ED6-3D2F4E5AEACA}.Debug|Any CPU.ActiveCfg = Debug|Any CPU
		{4A5DA316-E375-0793-1ED6-3D2F4E5AEACA}.Debug|Any CPU.Build.0 = Debug|Any CPU
		{4A5DA316-E375-0793-1ED6-3D2F4E5AEACA}.Release|Any CPU.ActiveCfg = Release|Any CPU
		{4A5DA316-E375-0793-1ED6-3D2F4E5AEACA}.Release|Any CPU.Build.0 = Release|Any CPU
		{2AE530A6-849E-3E0B-637F-BA7DCE93A73C}.Debug|Any CPU.ActiveCfg = Debug|Any CPU
		{2AE530A6-849E-3E0B-637F-BA7DCE93A73C}.Debug|Any CPU.Build.0 = Debug|Any CPU
		{2AE530A6-849E-3E0B-637F-BA7DCE93A73C}.Release|Any CPU.ActiveCfg = Release|Any CPU
		{2AE530A6-849E-3E0B-637F-BA7DCE93A73C}.Release|Any CPU.Build.0 = Release|Any CPU
	EndGlobalSection
	GlobalSection(SolutionProperties) = preSolution
		HideSolutionNode = FALSE
	EndGlobalSection
																													GlobalSection(MonoDevelopProperties) = preSolution
		StartupItem = Assembly-CSharp.csproj
		Policies = $0
		$0.TextStylePolicy = $1
		$1.inheritsSet = null
		$1.scope = text/x-csharp
		$0.CSharpFormattingPolicy = $2
		$2.inheritsSet = Mono
		$2.inheritsScope = text/x-csharp
		$2.scope = text/x-csharp
		$0.TextStylePolicy = $3
		$3.FileWidth = 120
		$3.TabWidth = 4
		$3.EolMarker = Unix
		$3.inheritsSet = Mono
		$3.inheritsScope = text/plain
		$3.scope = text/plain
	EndGlobalSection

EndGlobal
